github.com/google/go-cmp v0.5.7 h1:81/ik6ipDQS2aGcBfIN5dHDB36BwrStyeAQquSYCV4o=
github.com/google/go-cmp v0.5.7/go.mod h1:n+brtR0CgQNWTVd5ZUFpTBC8YFBDLK/h/bpaJ8/DtOE=
go.unistack.org/micro-proto/v3 v3.4.1 h1:UTjLSRz2YZuaHk9iSlVqqsA50JQNAEK2ZFboGqtEa9Q=
go.unistack.org/micro-proto/v3 v3.4.1/go.mod h1:okx/cnOhzuCX0ggl/vToatbCupi0O44diiiLLsZ93Zo=
go.unistack.org/micro/v3 v3.10.88 h1:MxlzP+77Y6Kphb3lzHxROL4XfE/WdCQMQpnPv4D9Z8U=
go.unistack.org/micro/v3 v3.10.88/go.mod h1:erMgt3Bl7vQQ0e9UpQyR5NlLiZ9pKeEJ9+1tfYFaqUg=
golang.org/x/xerrors v0.0.0-20191204190536-9bdfabe68543/go.mod h1:I/5z698sn9Ka8TeJc9MKroUUfqBBauWjQqLJ2OPfmY0=
golang.org/x/xerrors v0.0.0-20200804184101-5ec99f83aff1 h1:go1bK/D/BFZV2I8cIQd1NKEZ+0owSTG1fDTci4IqFcE=
golang.org/x/xerrors v0.0.0-20200804184101-5ec99f83aff1/go.mod h1:I/5z698sn9Ka8TeJc9MKroUUfqBBauWjQqLJ2OPfmY0=
google.golang.org/protobuf v1.34.2 h1:6xV6lTsCfpGD21XK49h7MhtcApnLqkfYgPcdHftf6hg=
google.golang.org/protobuf v1.34.2/go.mod h1:qYOHts0dSfpeUzUFpOMr/WGzszTmLH+DiWniOlNbLDw=
